{
  "nodes": {
    "flake-parts": {
      "inputs": {
        "nixpkgs-lib": "nixpkgs-lib"
      },
      "locked": {
        "lastModified": 1673362319,
        "narHash": "sha256-Pjp45Vnj7S/b3BRpZEVfdu8sqqA6nvVjvYu59okhOyI=",
        "owner": "hercules-ci",
        "repo": "flake-parts",
        "rev": "82c16f1682cf50c01cb0280b38a1eed202b3fe9f",
        "type": "github"
      },
      "original": {
        "owner": "hercules-ci",
        "repo": "flake-parts",
        "type": "github"
      }
    },
    "home-manager": {
      "inputs": {
        "nixpkgs": [
          "nixpkgs"
        ]
      },
      "locked": {
        "lastModified": 1704980875,
        "narHash": "sha256-IPZmMjk5f4TBbEpzUFBc3OC1W6OwDNEXk2w/0uVXX1o=",
        "owner": "nix-community",
        "repo": "home-manager",
        "rev": "5f0ab0eedc6ede69beb8f45561ffefa54edc6e65",
        "type": "github"
      },
      "original": {
        "owner": "nix-community",
        "ref": "release-23.11",
        "repo": "home-manager",
        "type": "github"
      }
    },
    "hyprgrass": {
      "inputs": {
        "hyprland": [
          "hyprland"
        ]
      },
      "locked": {
        "lastModified": 1705019682,
        "narHash": "sha256-YmsRQ22SR7sXAGNaVLd+k6EVfVq1ZSJdX0Rduj8gCGA=",
        "owner": "horriblename",
        "repo": "hyprgrass",
        "rev": "42e4028f3ab9c3606f1ae638ad51f26a3cfa90d8",
        "type": "github"
      },
      "original": {
        "owner": "horriblename",
        "repo": "hyprgrass",
        "type": "github"
      }
    },
    "hyprland": {
      "inputs": {
        "hyprland-protocols": "hyprland-protocols",
        "nixpkgs": "nixpkgs",
        "systems": "systems",
        "wlroots": "wlroots",
        "xdph": "xdph"
      },
      "locked": {
        "lastModified": 1704997360,
        "narHash": "sha256-6aRrvgSdeCeyCGCThcIXvWPTcDlgrATM2wOECUXgwc8=",
        "owner": "hyprwm",
        "repo": "Hyprland",
        "rev": "babb9c07b045e21b5549cdcc3096d677e9db35b3",
        "type": "github"
      },
      "original": {
        "owner": "hyprwm",
        "repo": "Hyprland",
        "type": "github"
      }
    },
    "hyprland-protocols": {
      "inputs": {
        "nixpkgs": [
          "hyprland",
          "nixpkgs"
        ],
        "systems": [
          "hyprland",
          "systems"
        ]
      },
      "locked": {
        "lastModified": 1691753796,
        "narHash": "sha256-zOEwiWoXk3j3+EoF3ySUJmberFewWlagvewDRuWYAso=",
        "owner": "hyprwm",
        "repo": "hyprland-protocols",
        "rev": "0c2ce70625cb30aef199cb388f99e19a61a6ce03",
        "type": "github"
      },
      "original": {
        "owner": "hyprwm",
        "repo": "hyprland-protocols",
        "type": "github"
      }
    },
    "hyprlang": {
      "inputs": {
        "nixpkgs": "nixpkgs_2"
      },
      "locked": {
        "lastModified": 1704287638,
        "narHash": "sha256-TuRXJGwtK440AXQNl5eiqmQqY4LZ/9+z/R7xC0ie3iA=",
        "owner": "hyprwm",
        "repo": "hyprlang",
        "rev": "6624f2bb66d4d27975766e81f77174adbe58ec97",
        "type": "github"
      },
      "original": {
        "owner": "hyprwm",
        "repo": "hyprlang",
        "type": "github"
      }
    },
    "nix-filter": {
      "locked": {
        "lastModified": 1693833173,
        "narHash": "sha256-hlMABKrGbEiJD5dwUSfnw1CQ3bG7KKwDV+Nx3bEZd7U=",
        "owner": "numtide",
        "repo": "nix-filter",
        "rev": "ac030bd9ba98e318e1f4c4328d60766ade8ebe8b",
        "type": "github"
      },
      "original": {
        "owner": "numtide",
        "repo": "nix-filter",
        "type": "github"
      }
    },
    "nixos-hardware": {
      "locked": {
        "lastModified": 1704786394,
        "narHash": "sha256-aJM0ln9fMGWw1+tjyl5JZWZ3ahxAA2gw2ZpZY/hkEMs=",
        "owner": "NixOs",
        "repo": "nixos-hardware",
        "rev": "b34a6075e9e298c4124e35c3ccaf2210c1f3a43b",
        "type": "github"
      },
      "original": {
        "owner": "NixOs",
        "ref": "master",
        "repo": "nixos-hardware",
        "type": "github"
      }
    },
    "nixpkgs": {
      "locked": {
        "lastModified": 1704194953,
        "narHash": "sha256-RtDKd8Mynhe5CFnVT8s0/0yqtWFMM9LmCzXv/YKxnq4=",
        "owner": "NixOS",
        "repo": "nixpkgs",
        "rev": "bd645e8668ec6612439a9ee7e71f7eac4099d4f6",
        "type": "github"
      },
      "original": {
        "owner": "NixOS",
        "ref": "nixos-unstable",
        "repo": "nixpkgs",
        "type": "github"
      }
    },
    "nixpkgs-lib": {
      "locked": {
        "dir": "lib",
        "lastModified": 1672350804,
        "narHash": "sha256-jo6zkiCabUBn3ObuKXHGqqORUMH27gYDIFFfLq5P4wg=",
        "owner": "NixOS",
        "repo": "nixpkgs",
        "rev": "677ed08a50931e38382dbef01cba08a8f7eac8f6",
        "type": "github"
      },
      "original": {
        "dir": "lib",
        "owner": "NixOS",
        "ref": "nixos-unstable",
        "repo": "nixpkgs",
        "type": "github"
      }
    },
    "nixpkgs-stable": {
      "locked": {
        "lastModified": 1704290814,
        "narHash": "sha256-LWvKHp7kGxk/GEtlrGYV68qIvPHkU9iToomNFGagixU=",
        "owner": "NixOS",
        "repo": "nixpkgs",
        "rev": "70bdadeb94ffc8806c0570eb5c2695ad29f0e421",
        "type": "github"
      },
      "original": {
        "owner": "NixOS",
        "ref": "release-23.05",
        "repo": "nixpkgs",
        "type": "github"
      }
    },
    "nixpkgs_2": {
      "locked": {
        "lastModified": 1702645756,
        "narHash": "sha256-qKI6OR3TYJYQB3Q8mAZ+DG4o/BR9ptcv9UnRV2hzljc=",
        "owner": "nixos",
        "repo": "nixpkgs",
        "rev": "40c3c94c241286dd2243ea34d3aef8a488f9e4d0",
        "type": "github"
      },
      "original": {
        "owner": "NixOS",
        "ref": "nixos-unstable",
        "repo": "nixpkgs",
        "type": "github"
      }
    },
    "nixpkgs_3": {
      "locked": {
        "lastModified": 1705028135,
        "narHash": "sha256-TanZ5kaxoXeDgyR1+fCKD2oZfaHAi54NFe/dPu/jclU=",
        "owner": "NixOS",
        "repo": "nixpkgs",
        "rev": "cc85f352c9027395ec657dcea2b516092ccef7e0",
        "type": "github"
      },
      "original": {
        "owner": "NixOS",
        "ref": "release-23.11",
        "repo": "nixpkgs",
        "type": "github"
      }
    },
    "nixpkgs_4": {
      "locked": {
        "lastModified": 1698924604,
        "narHash": "sha256-GCFbkl2tj8fEZBZCw3Tc0AkGo0v+YrQlohhEGJ/X4s0=",
        "owner": "nixos",
        "repo": "nixpkgs",
        "rev": "fa804edfb7869c9fb230e174182a8a1a7e512c40",
        "type": "github"
      },
      "original": {
        "owner": "nixos",
        "ref": "nixos-unstable",
        "repo": "nixpkgs",
        "type": "github"
      }
    },
    "nixpkgs_5": {
      "locked": {
        "lastModified": 1704161960,
        "narHash": "sha256-QGua89Pmq+FBAro8NriTuoO/wNaUtugt29/qqA8zeeM=",
        "owner": "NixOS",
        "repo": "nixpkgs",
        "rev": "63143ac2c9186be6d9da6035fa22620018c85932",
        "type": "github"
      },
      "original": {
        "owner": "NixOS",
        "ref": "nixpkgs-unstable",
        "repo": "nixpkgs",
        "type": "github"
      }
    },
    "nwg-displays": {
      "inputs": {
        "flake-parts": "flake-parts",
        "nixpkgs": "nixpkgs_4"
      },
      "locked": {
        "lastModified": 1700879499,
        "narHash": "sha256-pxQlwgmXS6QEzcsK5NMNnDQu/WHafpIOUwyl33ZtDE4=",
        "owner": "nwg-piotr",
        "repo": "nwg-displays",
        "rev": "a32adb3bc8badc6ee31cfcee0432f25e26a38987",
        "type": "github"
      },
      "original": {
        "owner": "nwg-piotr",
        "ref": "v0.3.9",
        "repo": "nwg-displays",
        "type": "github"
      }
    },
    "root": {
      "inputs": {
        "home-manager": "home-manager",
        "hyprgrass": "hyprgrass",
        "hyprland": "hyprland",
        "nixos-hardware": "nixos-hardware",
        "nixpkgs": "nixpkgs_3",
        "nwg-displays": "nwg-displays",
        "sops-nix": "sops-nix",
        "split-monitor-workspaces": "split-monitor-workspaces"
      }
    },
    "sops-nix": {
      "inputs": {
        "nixpkgs": "nixpkgs_5",
        "nixpkgs-stable": "nixpkgs-stable"
      },
      "locked": {
        "lastModified": 1704908274,
        "narHash": "sha256-74W9Yyomv3COGRmKi8zvyA5tL2KLiVkBeaYmYLjXyOw=",
        "owner": "Mic92",
        "repo": "sops-nix",
        "rev": "c0b3a5af90fae3ba95645bbf85d2b64880addd76",
        "type": "github"
      },
      "original": {
        "owner": "Mic92",
        "repo": "sops-nix",
        "type": "github"
      }
    },
    "split-monitor-workspaces": {
      "inputs": {
        "hyprland": [
          "hyprland"
        ],
        "nix-filter": "nix-filter"
      },
      "locked": {
        "lastModified": 1698179193,
        "narHash": "sha256-zDW+72enuRGuLLRbO1+pYk8FgRjQrBGksIAOk88OwOI=",
        "owner": "Duckonaut",
        "repo": "split-monitor-workspaces",
        "rev": "2b1abdbf9e9de9ee660540167c8f51903fa3d959",
        "type": "github"
      },
      "original": {
        "owner": "Duckonaut",
        "repo": "split-monitor-workspaces",
        "type": "github"
      }
    },
    "systems": {
      "locked": {
        "lastModified": 1689347949,
        "narHash": "sha256-12tWmuL2zgBgZkdoB6qXZsgJEH9LR3oUgpaQq2RbI80=",
        "owner": "nix-systems",
        "repo": "default-linux",
        "rev": "31732fcf5e8fea42e59c2488ad31a0e651500f68",
        "type": "github"
      },
      "original": {
        "owner": "nix-systems",
        "repo": "default-linux",
        "type": "github"
      }
    },
    "wlroots": {
      "flake": false,
      "locked": {
        "host": "gitlab.freedesktop.org",
        "lastModified": 1703963193,
        "narHash": "sha256-ke8drv6PTrdQDruWbajrRJffP9A9PU6FRyjJGNZRTs4=",
        "owner": "wlroots",
        "repo": "wlroots",
        "rev": "f81c3d93cd6f61b20ae784297679283438def8df",
        "type": "gitlab"
      },
      "original": {
        "host": "gitlab.freedesktop.org",
        "owner": "wlroots",
        "repo": "wlroots",
        "rev": "f81c3d93cd6f61b20ae784297679283438def8df",
        "type": "gitlab"
      }
    },
    "xdph": {
      "inputs": {
        "hyprland-protocols": [
          "hyprland",
          "hyprland-protocols"
        ],
        "hyprlang": "hyprlang",
        "nixpkgs": [
          "hyprland",
          "nixpkgs"
        ],
        "systems": [
          "hyprland",
          "systems"
        ]
      },
      "locked": {
        "lastModified": 1704400467,
        "narHash": "sha256-IsEAKBCorRlN53FwFAMbyGLRsPVu/ZrWEJtCwykPds8=",
        "owner": "hyprwm",
        "repo": "xdg-desktop-portal-hyprland",
        "rev": "1c802128f6cc3db29a8ef01552b1a22f894eeefd",
        "type": "github"
      },
      "original": {
        "owner": "hyprwm",
        "repo": "xdg-desktop-portal-hyprland",
        "type": "github"
      }
    }
  },
  "root": "root",
  "version": 7
}
